
Microsoft Visual Studio Solution File, Format Version 12.00
Project("{FAE04EC0-301F-11D3-BF4B-00C04F79EFBC}") = "L2ProtocolCheck", "L2ProtocolCheck\L2ProtocolCheck.csproj", "{1E27FD51-F656-4259-B660-BABF7EC710CE}"
EndProject
Global
	GlobalSection(SolutionConfigurationPlatforms) = preSolution
		Debug|Any CPU = Debug|Any CPU
		Release|Any CPU = Release|Any CPU
	EndGlobalSection
	GlobalSection(ProjectConfigurationPlatforms) = postSolution
		{1E27FD51-F656-4259-B660-BABF7EC710CE}.Debug|Any CPU.ActiveCfg = Debug|Any CPU
		{1E27FD51-F656-4259-B660-BABF7EC710CE}.Debug|Any CPU.Build.0 = Debug|Any CPU
		{1E27FD51-F656-4259-B660-BABF7EC710CE}.Release|Any CPU.ActiveCfg = Release|Any CPU
		{1E27FD51-F656-4259-B660-BABF7EC710CE}.Release|Any CPU.Build.0 = Release|Any CPU
	EndGlobalSection
EndGlobal
